{
  "version": 4,
  "terraform_version": "1.14.0",
  "serial": 19,
  "lineage": "fa19872a-a602-561b-19d0-361a48a00827",
  "outputs": {},
  "resources": [
    {
      "mode": "managed",
      "type": "google_compute_firewall",
      "name": "allow_custom",
      "provider": "provider[\"registry.terraform.io/hashicorp/google\"]",
      "instances": [
        {
          "schema_version": 1,
          "attributes": {
            "allow": [
              {
                "ports": [],
                "protocol": "all"
              }
            ],
            "creation_timestamp": "2025-11-24T09:47:59.361-08:00",
            "deny": [],
            "description": "",
            "destination_ranges": [],
            "direction": "INGRESS",
            "disabled": false,
            "enable_logging": null,
            "id": "projects/striped-guard-472315-g4/global/firewalls/vpc3-custom-allow-custom",
            "log_config": [],
            "name": "vpc3-custom-allow-custom",
            "network": "https://www.googleapis.com/compute/v1/projects/striped-guard-472315-g4/global/networks/vpc3-custom",
            "priority": 1000,
            "project": "striped-guard-472315-g4",
            "self_link": "https://www.googleapis.com/compute/v1/projects/striped-guard-472315-g4/global/firewalls/vpc3-custom-allow-custom",
            "source_ranges": [
              "10.0.0.0/8"
            ],
            "source_service_accounts": null,
            "source_tags": null,
            "target_service_accounts": null,
            "target_tags": null,
            "timeouts": null
          },
          "sensitive_attributes": [],
          "identity_schema_version": 0,
          "private": "eyJlMmJmYjczMC1lY2FhLTExZTYtOGY4OC0zNDM2M2JjN2M0YzAiOnsiY3JlYXRlIjoxMjAwMDAwMDAwMDAwLCJkZWxldGUiOjEyMDAwMDAwMDAwMDAsInVwZGF0ZSI6MTIwMDAwMDAwMDAwMH0sInNjaGVtYV92ZXJzaW9uIjoiMSJ9",
          "dependencies": [
            "google_compute_network.vpc3_custom"
          ]
        }
      ]
    },
    {
      "mode": "managed",
      "type": "google_compute_firewall",
      "name": "allow_health_check",
      "provider": "provider[\"registry.terraform.io/hashicorp/google\"]",
      "instances": [
        {
          "schema_version": 1,
          "attributes": {
            "allow": [
              {
                "ports": [
                  "80"
                ],
                "protocol": "tcp"
              }
            ],
            "creation_timestamp": "2025-11-24T09:47:59.244-08:00",
            "deny": [],
            "description": "",
            "destination_ranges": [],
            "direction": "INGRESS",
            "disabled": false,
            "enable_logging": null,
            "id": "projects/striped-guard-472315-g4/global/firewalls/vpc3-custom-allow-health-check",
            "log_config": [],
            "name": "vpc3-custom-allow-health-check",
            "network": "https://www.googleapis.com/compute/v1/projects/striped-guard-472315-g4/global/networks/vpc3-custom",
            "priority": 1000,
            "project": "striped-guard-472315-g4",
            "self_link": "https://www.googleapis.com/compute/v1/projects/striped-guard-472315-g4/global/firewalls/vpc3-custom-allow-health-check",
            "source_ranges": [
              "130.211.0.0/22",
              "35.191.0.0/16"
            ],
            "source_service_accounts": null,
            "source_tags": null,
            "target_service_accounts": null,
            "target_tags": null,
            "timeouts": null
          },
          "sensitive_attributes": [],
          "identity_schema_version": 0,
          "private": "eyJlMmJmYjczMC1lY2FhLTExZTYtOGY4OC0zNDM2M2JjN2M0YzAiOnsiY3JlYXRlIjoxMjAwMDAwMDAwMDAwLCJkZWxldGUiOjEyMDAwMDAwMDAwMDAsInVwZGF0ZSI6MTIwMDAwMDAwMDAwMH0sInNjaGVtYV92ZXJzaW9uIjoiMSJ9",
          "dependencies": [
            "google_compute_network.vpc3_custom"
          ]
        }
      ]
    },
    {
      "mode": "managed",
      "type": "google_compute_firewall",
      "name": "allow_icmp",
      "provider": "provider[\"registry.terraform.io/hashicorp/google\"]",
      "instances": [
        {
          "schema_version": 1,
          "attributes": {
            "allow": [
              {
                "ports": [],
                "protocol": "icmp"
              }
            ],
            "creation_timestamp": "2025-11-24T09:47:58.957-08:00",
            "deny": [],
            "description": "",
            "destination_ranges": [],
            "direction": "INGRESS",
            "disabled": false,
            "enable_logging": null,
            "id": "projects/striped-guard-472315-g4/global/firewalls/vpc3-custom-allow-icmp",
            "log_config": [],
            "name": "vpc3-custom-allow-icmp",
            "network": "https://www.googleapis.com/compute/v1/projects/striped-guard-472315-g4/global/networks/vpc3-custom",
            "priority": 1000,
            "project": "striped-guard-472315-g4",
            "self_link": "https://www.googleapis.com/compute/v1/projects/striped-guard-472315-g4/global/firewalls/vpc3-custom-allow-icmp",
            "source_ranges": [
              "0.0.0.0/0"
            ],
            "source_service_accounts": null,
            "source_tags": null,
            "target_service_accounts": null,
            "target_tags": null,
            "timeouts": null
          },
          "sensitive_attributes": [],
          "identity_schema_version": 0,
          "private": "eyJlMmJmYjczMC1lY2FhLTExZTYtOGY4OC0zNDM2M2JjN2M0YzAiOnsiY3JlYXRlIjoxMjAwMDAwMDAwMDAwLCJkZWxldGUiOjEyMDAwMDAwMDAwMDAsInVwZGF0ZSI6MTIwMDAwMDAwMDAwMH0sInNjaGVtYV92ZXJzaW9uIjoiMSJ9",
          "dependencies": [
            "google_compute_network.vpc3_custom"
          ]
        }
      ]
    },
    {
      "mode": "managed",
      "type": "google_compute_firewall",
      "name": "allow_ssh",
      "provider": "provider[\"registry.terraform.io/hashicorp/google\"]",
      "instances": [
        {
          "schema_version": 1,
          "attributes": {
            "allow": [
              {
                "ports": [
                  "22"
                ],
                "protocol": "tcp"
              }
            ],
            "creation_timestamp": "2025-11-24T09:47:59.320-08:00",
            "deny": [],
            "description": "",
            "destination_ranges": [],
            "direction": "INGRESS",
            "disabled": false,
            "enable_logging": null,
            "id": "projects/striped-guard-472315-g4/global/firewalls/vpc3-custom-allow-ssh",
            "log_config": [],
            "name": "vpc3-custom-allow-ssh",
            "network": "https://www.googleapis.com/compute/v1/projects/striped-guard-472315-g4/global/networks/vpc3-custom",
            "priority": 1000,
            "project": "striped-guard-472315-g4",
            "self_link": "https://www.googleapis.com/compute/v1/projects/striped-guard-472315-g4/global/firewalls/vpc3-custom-allow-ssh",
            "source_ranges": [
              "0.0.0.0/0"
            ],
            "source_service_accounts": null,
            "source_tags": null,
            "target_service_accounts": null,
            "target_tags": null,
            "timeouts": null
          },
          "sensitive_attributes": [],
          "identity_schema_version": 0,
          "private": "eyJlMmJmYjczMC1lY2FhLTExZTYtOGY4OC0zNDM2M2JjN2M0YzAiOnsiY3JlYXRlIjoxMjAwMDAwMDAwMDAwLCJkZWxldGUiOjEyMDAwMDAwMDAwMDAsInVwZGF0ZSI6MTIwMDAwMDAwMDAwMH0sInNjaGVtYV92ZXJzaW9uIjoiMSJ9",
          "dependencies": [
            "google_compute_network.vpc3_custom"
          ]
        }
      ]
    },
    {
      "mode": "managed",
      "type": "google_compute_health_check",
      "name": "global_http_health_check",
      "provider": "provider[\"registry.terraform.io/hashicorp/google\"]",
      "instances": [
        {
          "schema_version": 0,
          "attributes": {
            "check_interval_sec": 5,
            "creation_timestamp": "2025-11-24T09:47:36.767-08:00",
            "description": "",
            "grpc_health_check": [],
            "healthy_threshold": 2,
            "http2_health_check": [],
            "http_health_check": [
              {
                "host": "",
                "port": 80,
                "port_name": "",
                "port_specification": "",
                "proxy_header": "NONE",
                "request_path": "/",
                "response": ""
              }
            ],
            "https_health_check": [],
            "id": "projects/striped-guard-472315-g4/global/healthChecks/global-http-health-check",
            "log_config": [
              {
                "enable": false
              }
            ],
            "name": "global-http-health-check",
            "project": "striped-guard-472315-g4",
            "self_link": "https://www.googleapis.com/compute/v1/projects/striped-guard-472315-g4/global/healthChecks/global-http-health-check",
            "source_regions": null,
            "ssl_health_check": [],
            "tcp_health_check": [],
            "timeout_sec": 5,
            "timeouts": null,
            "type": "HTTP",
            "unhealthy_threshold": 2
          },
          "sensitive_attributes": [],
          "identity_schema_version": 0,
          "private": "eyJlMmJmYjczMC1lY2FhLTExZTYtOGY4OC0zNDM2M2JjN2M0YzAiOnsiY3JlYXRlIjoxMjAwMDAwMDAwMDAwLCJkZWxldGUiOjEyMDAwMDAwMDAwMDAsInVwZGF0ZSI6MTIwMDAwMDAwMDAwMH19"
        }
      ]
    },
    {
      "mode": "managed",
      "type": "google_compute_instance_template",
      "name": "it_us_central1",
      "provider": "provider[\"registry.terraform.io/hashicorp/google\"]",
      "instances": [
        {
          "schema_version": 1,
          "attributes": {
            "advanced_machine_features": [],
            "can_ip_forward": false,
            "confidential_instance_config": null,
            "description": "",
            "disk": [
              {
                "auto_delete": true,
                "boot": true,
                "device_name": "persistent-disk-0",
                "disk_encryption_key": [],
                "disk_name": "",
                "disk_size_gb": 0,
                "disk_type": "pd-standard",
                "interface": "SCSI",
                "labels": null,
                "mode": "READ_WRITE",
                "provisioned_iops": 0,
                "resource_manager_tags": null,
                "resource_policies": null,
                "source": "",
                "source_image": "projects/debian-cloud/global/images/family/debian-12",
                "source_image_encryption_key": [],
                "source_snapshot": "",
                "source_snapshot_encryption_key": [],
                "type": "PERSISTENT"
              }
            ],
            "effective_labels": {},
            "guest_accelerator": [],
            "id": "projects/striped-guard-472315-g4/global/instanceTemplates/it-lbdemo-us-central1-20251124174823261800000001",
            "instance_description": "",
            "labels": null,
            "machine_type": "e2-micro",
            "metadata": {
              "startup-script": "#!/bin/bash\n#serwer www\nsudo apt install -y nginx\nsudo systemctl enable nginx\n# HTML code of a new website\nHOSTNAME=$(hostname) \nsudo echo \"\u003c!DOCTYPE html\u003e \u003chtml\u003e \u003cbody style='background-color:rgb(250, 210, 210);'\u003e \u003ch1\u003eSuper\u003c/h1\u003e \u003cp\u003e\u003cstrong\u003eVM Hostname:\u003c/strong\u003e $HOSTNAME\u003c/p\u003e \u003cp\u003e\u003cstrong\u003ePozdrawiam serdecznie Anie\u003c/p\u003e \u003c/body\u003e\u003c/html\u003e\" | sudo tee /var/www/html/index.html\n"
            },
            "metadata_fingerprint": "hrQOMKDZ7eE=",
            "metadata_startup_script": null,
            "min_cpu_platform": "",
            "name": "it-lbdemo-us-central1-20251124174823261800000001",
            "name_prefix": "it-lbdemo-us-central1-",
            "network_interface": [
              {
                "access_config": [
                  {
                    "nat_ip": "",
                    "network_tier": "PREMIUM",
                    "public_ptr_domain_name": ""
                  }
                ],
                "alias_ip_range": [],
                "internal_ipv6_prefix_length": 0,
                "ipv6_access_config": [],
                "ipv6_access_type": "",
                "ipv6_address": "",
                "name": "nic0",
                "network": "https://www.googleapis.com/compute/v1/projects/striped-guard-472315-g4/global/networks/vpc3-custom",
                "network_ip": "",
                "nic_type": "",
                "queue_count": 0,
                "stack_type": "",
                "subnetwork": "https://www.googleapis.com/compute/v1/projects/striped-guard-472315-g4/regions/us-central1/subnetworks/us-central1-subnet",
                "subnetwork_project": "striped-guard-472315-g4"
              }
            ],
            "network_performance_config": [],
            "project": "striped-guard-472315-g4",
            "region": "us-central1",
            "reservation_affinity": [],
            "resource_manager_tags": null,
            "resource_policies": null,
            "scheduling": [
              {
                "automatic_restart": true,
                "instance_termination_action": "",
                "local_ssd_recovery_timeout": [],
                "max_run_duration": [],
                "min_node_cpus": 0,
                "node_affinities": [],
                "on_host_maintenance": "MIGRATE",
                "on_instance_stop_action": [],
                "preemptible": false,
                "provisioning_model": "STANDARD"
              }
            ],
            "self_link": "https://www.googleapis.com/compute/v1/projects/striped-guard-472315-g4/global/instanceTemplates/it-lbdemo-us-central1-20251124174823261800000001",
            "self_link_unique": "https://www.googleapis.com/compute/v1/projects/striped-guard-472315-g4/global/instanceTemplates/it-lbdemo-us-central1-20251124174823261800000001?uniqueId=7015832036032717960",
            "service_account": [],
            "shielded_instance_config": [],
            "tags": null,
            "tags_fingerprint": "",
            "terraform_labels": {},
            "timeouts": null
          },
          "sensitive_attributes": [],
          "identity_schema_version": 0,
          "private": "eyJlMmJmYjczMC1lY2FhLTExZTYtOGY4OC0zNDM2M2JjN2M0YzAiOnsiY3JlYXRlIjoyNDAwMDAwMDAwMDAsImRlbGV0ZSI6MjQwMDAwMDAwMDAwfSwic2NoZW1hX3ZlcnNpb24iOiIxIn0=",
          "dependencies": [
            "google_compute_network.vpc3_custom",
            "google_compute_subnetwork.us_central1_subnet"
          ]
        }
      ]
    },
    {
      "mode": "managed",
      "type": "google_compute_instance_template",
      "name": "it_us_east1",
      "provider": "provider[\"registry.terraform.io/hashicorp/google\"]",
      "instances": [
        {
          "schema_version": 1,
          "attributes": {
            "advanced_machine_features": [],
            "can_ip_forward": false,
            "confidential_instance_config": null,
            "description": "",
            "disk": [
              {
                "auto_delete": true,
                "boot": true,
                "device_name": "persistent-disk-0",
                "disk_encryption_key": [],
                "disk_name": "",
                "disk_size_gb": 0,
                "disk_type": "pd-standard",
                "interface": "SCSI",
                "labels": null,
                "mode": "READ_WRITE",
                "provisioned_iops": 0,
                "resource_manager_tags": null,
                "resource_policies": null,
                "source": "",
                "source_image": "projects/debian-cloud/global/images/family/debian-12",
                "source_image_encryption_key": [],
                "source_snapshot": "",
                "source_snapshot_encryption_key": [],
                "type": "PERSISTENT"
              }
            ],
            "effective_labels": {},
            "guest_accelerator": [],
            "id": "projects/striped-guard-472315-g4/global/instanceTemplates/it-lbdemo-us-east1-20251124174824564500000002",
            "instance_description": "",
            "labels": null,
            "machine_type": "e2-micro",
            "metadata": {
              "startup-script": "#!/bin/bash\n#serwer www\nsudo apt install -y nginx\nsudo systemctl enable nginx\n# HTML code of a new website\nHOSTNAME=$(hostname) \nsudo echo \"\u003c!DOCTYPE html\u003e \u003chtml\u003e \u003cbody style='background-color:rgb(250, 210, 210);'\u003e \u003ch1\u003eSuper\u003c/h1\u003e \u003cp\u003e\u003cstrong\u003eVM Hostname:\u003c/strong\u003e $HOSTNAME\u003c/p\u003e \u003cp\u003e\u003cstrong\u003ePozdrawiam serdecznie Anie\u003c/p\u003e \u003c/body\u003e\u003c/html\u003e\" | sudo tee /var/www/html/index.html\n"
            },
            "metadata_fingerprint": "hrQOMKDZ7eE=",
            "metadata_startup_script": null,
            "min_cpu_platform": "",
            "name": "it-lbdemo-us-east1-20251124174824564500000002",
            "name_prefix": "it-lbdemo-us-east1-",
            "network_interface": [
              {
                "access_config": [
                  {
                    "nat_ip": "",
                    "network_tier": "PREMIUM",
                    "public_ptr_domain_name": ""
                  }
                ],
                "alias_ip_range": [],
                "internal_ipv6_prefix_length": 0,
                "ipv6_access_config": [],
                "ipv6_access_type": "",
                "ipv6_address": "",
                "name": "nic0",
                "network": "https://www.googleapis.com/compute/v1/projects/striped-guard-472315-g4/global/networks/vpc3-custom",
                "network_ip": "",
                "nic_type": "",
                "queue_count": 0,
                "stack_type": "",
                "subnetwork": "https://www.googleapis.com/compute/v1/projects/striped-guard-472315-g4/regions/us-east1/subnetworks/us-east1-subnet",
                "subnetwork_project": "striped-guard-472315-g4"
              }
            ],
            "network_performance_config": [],
            "project": "striped-guard-472315-g4",
            "region": "us-east1",
            "reservation_affinity": [],
            "resource_manager_tags": null,
            "resource_policies": null,
            "scheduling": [
              {
                "automatic_restart": true,
                "instance_termination_action": "",
                "local_ssd_recovery_timeout": [],
                "max_run_duration": [],
                "min_node_cpus": 0,
                "node_affinities": [],
                "on_host_maintenance": "MIGRATE",
                "on_instance_stop_action": [],
                "preemptible": false,
                "provisioning_model": "STANDARD"
              }
            ],
            "self_link": "https://www.googleapis.com/compute/v1/projects/striped-guard-472315-g4/global/instanceTemplates/it-lbdemo-us-east1-20251124174824564500000002",
            "self_link_unique": "https://www.googleapis.com/compute/v1/projects/striped-guard-472315-g4/global/instanceTemplates/it-lbdemo-us-east1-20251124174824564500000002?uniqueId=151636868596311175",
            "service_account": [],
            "shielded_instance_config": [],
            "tags": null,
            "tags_fingerprint": "",
            "terraform_labels": {},
            "timeouts": null
          },
          "sensitive_attributes": [],
          "identity_schema_version": 0,
          "private": "eyJlMmJmYjczMC1lY2FhLTExZTYtOGY4OC0zNDM2M2JjN2M0YzAiOnsiY3JlYXRlIjoyNDAwMDAwMDAwMDAsImRlbGV0ZSI6MjQwMDAwMDAwMDAwfSwic2NoZW1hX3ZlcnNpb24iOiIxIn0=",
          "dependencies": [
            "google_compute_network.vpc3_custom",
            "google_compute_subnetwork.us_east1_subnet"
          ]
        }
      ]
    },
    {
      "mode": "managed",
      "type": "google_compute_network",
      "name": "vpc3_custom",
      "provider": "provider[\"registry.terraform.io/hashicorp/google\"]",
      "instances": [
        {
          "schema_version": 0,
          "attributes": {
            "auto_create_subnetworks": false,
            "delete_default_routes_on_create": false,
            "description": "",
            "enable_ula_internal_ipv6": false,
            "gateway_ipv4": "",
            "id": "projects/striped-guard-472315-g4/global/networks/vpc3-custom",
            "internal_ipv6_range": "",
            "mtu": 0,
            "name": "vpc3-custom",
            "network_firewall_policy_enforcement_order": "AFTER_CLASSIC_FIREWALL",
            "numeric_id": "4702379096389788887",
            "project": "striped-guard-472315-g4",
            "routing_mode": "GLOBAL",
            "self_link": "https://www.googleapis.com/compute/v1/projects/striped-guard-472315-g4/global/networks/vpc3-custom",
            "timeouts": null
          },
          "sensitive_attributes": [],
          "identity_schema_version": 0,
          "private": "eyJlMmJmYjczMC1lY2FhLTExZTYtOGY4OC0zNDM2M2JjN2M0YzAiOnsiY3JlYXRlIjoxMjAwMDAwMDAwMDAwLCJkZWxldGUiOjEyMDAwMDAwMDAwMDAsInVwZGF0ZSI6MTIwMDAwMDAwMDAwMH19"
        }
      ]
    },
    {
      "mode": "managed",
      "type": "google_compute_region_instance_group_manager",
      "name": "mig1_us_central1",
      "provider": "provider[\"registry.terraform.io/hashicorp/google\"]",
      "instances": [
        {
          "schema_version": 0,
          "attributes": {
            "all_instances_config": [],
            "auto_healing_policies": [
              {
                "health_check": "https://www.googleapis.com/compute/v1/projects/striped-guard-472315-g4/global/healthChecks/global-http-health-check",
                "initial_delay_sec": 300
              }
            ],
            "base_instance_name": "mig1-instance",
            "creation_timestamp": "2025-11-24T09:48:26.410-08:00",
            "description": "",
            "distribution_policy_target_shape": "EVEN",
            "distribution_policy_zones": [
              "us-central1-b",
              "us-central1-c"
            ],
            "fingerprint": "bpddjeAQg7g=",
            "id": "projects/striped-guard-472315-g4/regions/us-central1/instanceGroupManagers/mig1-us-central1",
            "instance_group": "https://www.googleapis.com/compute/v1/projects/striped-guard-472315-g4/regions/us-central1/instanceGroups/mig1-us-central1",
            "instance_lifecycle_policy": [
              {
                "default_action_on_failure": "REPAIR",
                "force_update_on_repair": "NO"
              }
            ],
            "list_managed_instances_results": "PAGELESS",
            "name": "mig1-us-central1",
            "named_port": [
              {
                "name": "webserver80",
                "port": 80
              }
            ],
            "project": "striped-guard-472315-g4",
            "region": "us-central1",
            "self_link": "https://www.googleapis.com/compute/v1/projects/striped-guard-472315-g4/regions/us-central1/instanceGroupManagers/mig1-us-central1",
            "stateful_disk": [],
            "stateful_external_ip": [],
            "stateful_internal_ip": [],
            "status": [
              {
                "all_instances_config": [
                  {
                    "current_revision": "",
                    "effective": true
                  }
                ],
                "is_stable": false,
                "stateful": [
                  {
                    "has_stateful_config": false,
                    "per_instance_configs": [
                      {
                        "all_effective": true
                      }
                    ]
                  }
                ],
                "version_target": [
                  {
                    "is_reached": true
                  }
                ]
              }
            ],
            "target_pools": null,
            "target_size": 2,
            "timeouts": null,
            "update_policy": [
              {
                "instance_redistribution_type": "PROACTIVE",
                "max_surge_fixed": 2,
                "max_surge_percent": 0,
                "max_unavailable_fixed": 2,
                "max_unavailable_percent": 0,
                "minimal_action": "REPLACE",
                "most_disruptive_allowed_action": "",
                "replacement_method": "SUBSTITUTE",
                "type": "OPPORTUNISTIC"
              }
            ],
            "version": [
              {
                "instance_template": "https://www.googleapis.com/compute/v1/projects/striped-guard-472315-g4/global/instanceTemplates/it-lbdemo-us-central1-20251124174823261800000001",
                "name": "",
                "target_size": []
              }
            ],
            "wait_for_instances": false,
            "wait_for_instances_status": "STABLE"
          },
          "sensitive_attributes": [],
          "identity_schema_version": 0,
          "private": "eyJlMmJmYjczMC1lY2FhLTExZTYtOGY4OC0zNDM2M2JjN2M0YzAiOnsiY3JlYXRlIjo5MDAwMDAwMDAwMDAsImRlbGV0ZSI6OTAwMDAwMDAwMDAwLCJ1cGRhdGUiOjkwMDAwMDAwMDAwMH19",
          "dependencies": [
            "google_compute_health_check.global_http_health_check",
            "google_compute_instance_template.it_us_central1",
            "google_compute_network.vpc3_custom",
            "google_compute_subnetwork.us_central1_subnet"
          ]
        }
      ]
    },
    {
      "mode": "managed",
      "type": "google_compute_region_instance_group_manager",
      "name": "mig2_us_east1",
      "provider": "provider[\"registry.terraform.io/hashicorp/google\"]",
      "instances": [
        {
          "schema_version": 0,
          "attributes": {
            "all_instances_config": [],
            "auto_healing_policies": [
              {
                "health_check": "https://www.googleapis.com/compute/v1/projects/striped-guard-472315-g4/global/healthChecks/global-http-health-check",
                "initial_delay_sec": 300
              }
            ],
            "base_instance_name": "mig2-instance",
            "creation_timestamp": "2025-11-24T09:48:26.995-08:00",
            "description": "",
            "distribution_policy_target_shape": "EVEN",
            "distribution_policy_zones": [
              "us-east1-c",
              "us-east1-d"
            ],
            "fingerprint": "pSe6kpw9H28=",
            "id": "projects/striped-guard-472315-g4/regions/us-east1/instanceGroupManagers/mig2-us-east1",
            "instance_group": "https://www.googleapis.com/compute/v1/projects/striped-guard-472315-g4/regions/us-east1/instanceGroups/mig2-us-east1",
            "instance_lifecycle_policy": [
              {
                "default_action_on_failure": "REPAIR",
                "force_update_on_repair": "NO"
              }
            ],
            "list_managed_instances_results": "PAGELESS",
            "name": "mig2-us-east1",
            "named_port": [
              {
                "name": "webserver80",
                "port": 80
              }
            ],
            "project": "striped-guard-472315-g4",
            "region": "us-east1",
            "self_link": "https://www.googleapis.com/compute/v1/projects/striped-guard-472315-g4/regions/us-east1/instanceGroupManagers/mig2-us-east1",
            "stateful_disk": [],
            "stateful_external_ip": [],
            "stateful_internal_ip": [],
            "status": [
              {
                "all_instances_config": [
                  {
                    "current_revision": "",
                    "effective": true
                  }
                ],
                "is_stable": false,
                "stateful": [
                  {
                    "has_stateful_config": false,
                    "per_instance_configs": [
                      {
                        "all_effective": true
                      }
                    ]
                  }
                ],
                "version_target": [
                  {
                    "is_reached": true
                  }
                ]
              }
            ],
            "target_pools": null,
            "target_size": 2,
            "timeouts": null,
            "update_policy": [
              {
                "instance_redistribution_type": "PROACTIVE",
                "max_surge_fixed": 2,
                "max_surge_percent": 0,
                "max_unavailable_fixed": 2,
                "max_unavailable_percent": 0,
                "minimal_action": "REPLACE",
                "most_disruptive_allowed_action": "",
                "replacement_method": "SUBSTITUTE",
                "type": "OPPORTUNISTIC"
              }
            ],
            "version": [
              {
                "instance_template": "https://www.googleapis.com/compute/v1/projects/striped-guard-472315-g4/global/instanceTemplates/it-lbdemo-us-east1-20251124174824564500000002",
                "name": "",
                "target_size": []
              }
            ],
            "wait_for_instances": false,
            "wait_for_instances_status": "STABLE"
          },
          "sensitive_attributes": [],
          "identity_schema_version": 0,
          "private": "eyJlMmJmYjczMC1lY2FhLTExZTYtOGY4OC0zNDM2M2JjN2M0YzAiOnsiY3JlYXRlIjo5MDAwMDAwMDAwMDAsImRlbGV0ZSI6OTAwMDAwMDAwMDAwLCJ1cGRhdGUiOjkwMDAwMDAwMDAwMH19",
          "dependencies": [
            "google_compute_health_check.global_http_health_check",
            "google_compute_instance_template.it_us_east1",
            "google_compute_network.vpc3_custom",
            "google_compute_subnetwork.us_east1_subnet"
          ]
        }
      ]
    },
    {
      "mode": "managed",
      "type": "google_compute_subnetwork",
      "name": "us_central1_subnet",
      "provider": "provider[\"registry.terraform.io/hashicorp/google\"]",
      "instances": [
        {
          "schema_version": 0,
          "attributes": {
            "creation_timestamp": "2025-11-24T09:47:59.080-08:00",
            "description": "",
            "external_ipv6_prefix": "",
            "fingerprint": null,
            "gateway_address": "10.135.0.1",
            "id": "projects/striped-guard-472315-g4/regions/us-central1/subnetworks/us-central1-subnet",
            "internal_ipv6_prefix": "",
            "ip_cidr_range": "10.135.0.0/20",
            "ipv6_access_type": "",
            "ipv6_cidr_range": "",
            "log_config": [],
            "name": "us-central1-subnet",
            "network": "https://www.googleapis.com/compute/v1/projects/striped-guard-472315-g4/global/networks/vpc3-custom",
            "private_ip_google_access": false,
            "private_ipv6_google_access": "DISABLE_GOOGLE_ACCESS",
            "project": "striped-guard-472315-g4",
            "purpose": "PRIVATE",
            "region": "us-central1",
            "role": "",
            "secondary_ip_range": [],
            "self_link": "https://www.googleapis.com/compute/v1/projects/striped-guard-472315-g4/regions/us-central1/subnetworks/us-central1-subnet",
            "send_secondary_ip_range_if_empty": null,
            "stack_type": "IPV4_ONLY",
            "timeouts": null
          },
          "sensitive_attributes": [],
          "identity_schema_version": 0,
          "private": "eyJlMmJmYjczMC1lY2FhLTExZTYtOGY4OC0zNDM2M2JjN2M0YzAiOnsiY3JlYXRlIjoxMjAwMDAwMDAwMDAwLCJkZWxldGUiOjEyMDAwMDAwMDAwMDAsInVwZGF0ZSI6MTIwMDAwMDAwMDAwMH19",
          "dependencies": [
            "google_compute_network.vpc3_custom"
          ]
        }
      ]
    },
    {
      "mode": "managed",
      "type": "google_compute_subnetwork",
      "name": "us_east1_subnet",
      "provider": "provider[\"registry.terraform.io/hashicorp/google\"]",
      "instances": [
        {
          "schema_version": 0,
          "attributes": {
            "creation_timestamp": "2025-11-24T09:48:00.571-08:00",
            "description": "",
            "external_ipv6_prefix": "",
            "fingerprint": null,
            "gateway_address": "10.145.0.1",
            "id": "projects/striped-guard-472315-g4/regions/us-east1/subnetworks/us-east1-subnet",
            "internal_ipv6_prefix": "",
            "ip_cidr_range": "10.145.0.0/20",
            "ipv6_access_type": "",
            "ipv6_cidr_range": "",
            "log_config": [],
            "name": "us-east1-subnet",
            "network": "https://www.googleapis.com/compute/v1/projects/striped-guard-472315-g4/global/networks/vpc3-custom",
            "private_ip_google_access": false,
            "private_ipv6_google_access": "DISABLE_GOOGLE_ACCESS",
            "project": "striped-guard-472315-g4",
            "purpose": "PRIVATE",
            "region": "us-east1",
            "role": "",
            "secondary_ip_range": [],
            "self_link": "https://www.googleapis.com/compute/v1/projects/striped-guard-472315-g4/regions/us-east1/subnetworks/us-east1-subnet",
            "send_secondary_ip_range_if_empty": null,
            "stack_type": "IPV4_ONLY",
            "timeouts": null
          },
          "sensitive_attributes": [],
          "identity_schema_version": 0,
          "private": "eyJlMmJmYjczMC1lY2FhLTExZTYtOGY4OC0zNDM2M2JjN2M0YzAiOnsiY3JlYXRlIjoxMjAwMDAwMDAwMDAwLCJkZWxldGUiOjEyMDAwMDAwMDAwMDAsInVwZGF0ZSI6MTIwMDAwMDAwMDAwMH19",
          "dependencies": [
            "google_compute_network.vpc3_custom"
          ]
        }
      ]
    }
  ],
  "check_results": null
}
